
Microsoft Visual Studio Solution File, Format Version 12.00
# Visual Studio Version 17
VisualStudioVersion = 17.7.34202.233
MinimumVisualStudioVersion = 10.0.40219.1
Project("{FAE04EC0-301F-11D3-BF4B-00C04F79EFBC}") = "Todean_Daiana_Lab2", "Todean_Daiana_Lab2.csproj", "{FF3BFD1F-8C8E-4159-A3C0-133F5618705B}"
EndProject
Global
	GlobalSection(SolutionConfigurationPlatforms) = preSolution
		Debug|Any CPU = Debug|Any CPU
		Release|Any CPU = Release|Any CPU
	EndGlobalSection
	GlobalSection(ProjectConfigurationPlatforms) = postSolution
		{FF3BFD1F-8C8E-4159-A3C0-133F5618705B}.Debug|Any CPU.ActiveCfg = Debug|Any CPU
		{FF3BFD1F-8C8E-4159-A3C0-133F5618705B}.Debug|Any CPU.Build.0 = Debug|Any CPU
		{FF3BFD1F-8C8E-4159-A3C0-133F5618705B}.Release|Any CPU.ActiveCfg = Release|Any CPU
		{FF3BFD1F-8C8E-4159-A3C0-133F5618705B}.Release|Any CPU.Build.0 = Release|Any CPU
	EndGlobalSection
	GlobalSection(SolutionProperties) = preSolution
		HideSolutionNode = FALSE
	EndGlobalSection
	GlobalSection(ExtensibilityGlobals) = postSolution
		SolutionGuid = {7C0E875E-3AC1-46C0-9C84-A3F652F4F7A6}
	EndGlobalSection
EndGlobal
